
Microsoft Visual Studio Solution File, Format Version 11.00
# Visual Studio 2010
Project("{FAE04EC0-301F-11D3-BF4B-00C04F79EFBC}") = "Arena of Gods", "Assembly-CSharp.csproj", "{50DFFFB5-EB90-6B4C-E57F-6673BD79D399}"
EndProject
Project("{FAE04EC0-301F-11D3-BF4B-00C04F79EFBC}") = "Arena of Gods", "Assembly-CSharp-firstpass.csproj", "{2823C761-C4EE-1420-2B40-0A333DFF59E6}"
EndProject
Project("{FAE04EC0-301F-11D3-BF4B-00C04F79EFBC}") = "Arena of Gods", "Assembly-CSharp-Editor.csproj", "{45200A1C-333F-9CCF-622F-1D60EC885D88}"
EndProject
Global
	GlobalSection(SolutionConfigurationPlatforms) = preSolution
		Debug|Any CPU = Debug|Any CPU
		Release|Any CPU = Release|Any CPU
	EndGlobalSection
	GlobalSection(ProjectConfigurationPlatforms) = postSolution
		{50DFFFB5-EB90-6B4C-E57F-6673BD79D399}.Debug|Any CPU.ActiveCfg = Debug|Any CPU
		{50DFFFB5-EB90-6B4C-E57F-6673BD79D399}.Debug|Any CPU.Build.0 = Debug|Any CPU
		{50DFFFB5-EB90-6B4C-E57F-6673BD79D399}.Release|Any CPU.ActiveCfg = Release|Any CPU
		{50DFFFB5-EB90-6B4C-E57F-6673BD79D399}.Release|Any CPU.Build.0 = Release|Any CPU
		{2823C761-C4EE-1420-2B40-0A333DFF59E6}.Debug|Any CPU.ActiveCfg = Debug|Any CPU
		{2823C761-C4EE-1420-2B40-0A333DFF59E6}.Debug|Any CPU.Build.0 = Debug|Any CPU
		{2823C761-C4EE-1420-2B40-0A333DFF59E6}.Release|Any CPU.ActiveCfg = Release|Any CPU
		{2823C761-C4EE-1420-2B40-0A333DFF59E6}.Release|Any CPU.Build.0 = Release|Any CPU
		{45200A1C-333F-9CCF-622F-1D60EC885D88}.Debug|Any CPU.ActiveCfg = Debug|Any CPU
		{45200A1C-333F-9CCF-622F-1D60EC885D88}.Debug|Any CPU.Build.0 = Debug|Any CPU
		{45200A1C-333F-9CCF-622F-1D60EC885D88}.Release|Any CPU.ActiveCfg = Release|Any CPU
		{45200A1C-333F-9CCF-622F-1D60EC885D88}.Release|Any CPU.Build.0 = Release|Any CPU
	EndGlobalSection
	GlobalSection(SolutionProperties) = preSolution
		HideSolutionNode = FALSE
	EndGlobalSection
	GlobalSection(MonoDevelopProperties) = preSolution
		StartupItem = Assembly-CSharp.csproj
	EndGlobalSection
EndGlobal
